PODS:
  - Flutter (1.0.0)
  - flutter_mobile_vision (0.0.1):
    - Flutter

DEPENDENCIES:
  - Flutter (from `.symlinks/flutter/ios`)
  - flutter_mobile_vision (from `.symlinks/plugins/flutter_mobile_vision/ios`)

EXTERNAL SOURCES:
  Flutter:
    :path: ".symlinks/flutter/ios"
  flutter_mobile_vision:
    :path: ".symlinks/plugins/flutter_mobile_vision/ios"

SPEC CHECKSUMS:
  Flutter: 9d0fac939486c9aba2809b7982dfdbb47a7b0296
  flutter_mobile_vision: 774d8b63ac343f7b9279388aec92d146c8bd1260

PODFILE CHECKSUM: aff02bfeed411c636180d6812254b2daeea14d09

COCOAPODS: 1.5.3
